
Microsoft Visual Studio Solution File, Format Version 12.00
# Visual Studio 15
VisualStudioVersion = 15.0.36324.19
MinimumVisualStudioVersion = 10.0.40219.1
Project("{FAE04EC0-301F-11D3-BF4B-00C04F79EFBC}") = "SpeechtoText", "SpeechtoText\SpeechtoText.csproj", "{FABD4BA7-FE15-4FE0-9063-EDE46D34FF42}"
EndProject
Global
	GlobalSection(SolutionConfigurationPlatforms) = preSolution
		Debug|Any CPU = Debug|Any CPU
		Release|Any CPU = Release|Any CPU
	EndGlobalSection
	GlobalSection(ProjectConfigurationPlatforms) = postSolution
		{FABD4BA7-FE15-4FE0-9063-EDE46D34FF42}.Debug|Any CPU.ActiveCfg = Debug|Any CPU
		{FABD4BA7-FE15-4FE0-9063-EDE46D34FF42}.Debug|Any CPU.Build.0 = Debug|Any CPU
		{FABD4BA7-FE15-4FE0-9063-EDE46D34FF42}.Release|Any CPU.ActiveCfg = Release|Any CPU
		{FABD4BA7-FE15-4FE0-9063-EDE46D34FF42}.Release|Any CPU.Build.0 = Release|Any CPU
	EndGlobalSection
	GlobalSection(SolutionProperties) = preSolution
		HideSolutionNode = FALSE
	EndGlobalSection
	GlobalSection(ExtensibilityGlobals) = postSolution
		SolutionGuid = {4A9DA372-9BCE-4167-8458-88217AE56378}
	EndGlobalSection
EndGlobal
